
Microsoft Visual Studio Solution File, Format Version 12.00
# Visual Studio Version 16
VisualStudioVersion = 16.0.30907.101
MinimumVisualStudioVersion = 10.0.40219.1
Project("{8BC9CEB8-8B4A-11D0-8D11-00A0C91BC942}") = "VectorLib", "VectorLib\VectorLib.vcxproj", "{A35A4B7E-9C0B-4650-ABCD-01387B719E2C}"
EndProject
Project("{8BC9CEB8-8B4A-11D0-8D11-00A0C91BC942}") = "Client", "Client\Client.vcxproj", "{56AAF182-3763-4119-AF3A-B713D2F5455D}"
EndProject
Project("{8BC9CEB8-8B4A-11D0-8D11-00A0C91BC942}") = "NumberLib", "NumberLib\NumberLib.vcxproj", "{6E8442DC-045F-457D-BB8F-04B371460068}"
EndProject
Global
	GlobalSection(SolutionConfigurationPlatforms) = preSolution
		Debug|x64 = Debug|x64
		Debug|x86 = Debug|x86
		Release|x64 = Release|x64
		Release|x86 = Release|x86
	EndGlobalSection
	GlobalSection(ProjectConfigurationPlatforms) = postSolution
		{A35A4B7E-9C0B-4650-ABCD-01387B719E2C}.Debug|x64.ActiveCfg = Debug|Win32
		{A35A4B7E-9C0B-4650-ABCD-01387B719E2C}.Debug|x64.Build.0 = Debug|Win32
		{A35A4B7E-9C0B-4650-ABCD-01387B719E2C}.Debug|x86.ActiveCfg = Debug|Win32
		{A35A4B7E-9C0B-4650-ABCD-01387B719E2C}.Debug|x86.Build.0 = Debug|Win32
		{A35A4B7E-9C0B-4650-ABCD-01387B719E2C}.Release|x64.ActiveCfg = Release|Win32
		{A35A4B7E-9C0B-4650-ABCD-01387B719E2C}.Release|x64.Build.0 = Release|Win32
		{A35A4B7E-9C0B-4650-ABCD-01387B719E2C}.Release|x86.ActiveCfg = Release|Win32
		{A35A4B7E-9C0B-4650-ABCD-01387B719E2C}.Release|x86.Build.0 = Release|Win32
		{56AAF182-3763-4119-AF3A-B713D2F5455D}.Debug|x64.ActiveCfg = Debug|Win32
		{56AAF182-3763-4119-AF3A-B713D2F5455D}.Debug|x64.Build.0 = Debug|Win32
		{56AAF182-3763-4119-AF3A-B713D2F5455D}.Debug|x86.ActiveCfg = Debug|Win32
		{56AAF182-3763-4119-AF3A-B713D2F5455D}.Debug|x86.Build.0 = Debug|Win32
		{56AAF182-3763-4119-AF3A-B713D2F5455D}.Release|x64.ActiveCfg = Release|Win32
		{56AAF182-3763-4119-AF3A-B713D2F5455D}.Release|x64.Build.0 = Release|Win32
		{56AAF182-3763-4119-AF3A-B713D2F5455D}.Release|x86.ActiveCfg = Release|Win32
		{56AAF182-3763-4119-AF3A-B713D2F5455D}.Release|x86.Build.0 = Release|Win32
		{6E8442DC-045F-457D-BB8F-04B371460068}.Debug|x64.ActiveCfg = Debug|Win32
		{6E8442DC-045F-457D-BB8F-04B371460068}.Debug|x64.Build.0 = Debug|Win32
		{6E8442DC-045F-457D-BB8F-04B371460068}.Debug|x86.ActiveCfg = Debug|Win32
		{6E8442DC-045F-457D-BB8F-04B371460068}.Debug|x86.Build.0 = Debug|Win32
		{6E8442DC-045F-457D-BB8F-04B371460068}.Release|x64.ActiveCfg = Release|Win32
		{6E8442DC-045F-457D-BB8F-04B371460068}.Release|x64.Build.0 = Release|Win32
		{6E8442DC-045F-457D-BB8F-04B371460068}.Release|x86.ActiveCfg = Release|Win32
		{6E8442DC-045F-457D-BB8F-04B371460068}.Release|x86.Build.0 = Release|Win32
	EndGlobalSection
	GlobalSection(SolutionProperties) = preSolution
		HideSolutionNode = FALSE
	EndGlobalSection
	GlobalSection(ExtensibilityGlobals) = postSolution
		SolutionGuid = {9040039A-ACB5-4D89-A3F2-B3FF4B82CF6F}
	EndGlobalSection
EndGlobal
