
Microsoft Visual Studio Solution File, Format Version 12.00
# Visual Studio Version 16
VisualStudioVersion = 16.0.30907.101
MinimumVisualStudioVersion = 10.0.40219.1
Project("{8BC9CEB8-8B4A-11D0-8D11-00A0C91BC942}") = "NumberLib", "NumberLib\NumberLib.vcxproj", "{F3F9FD99-CC88-405C-87CA-F2759DD5E5F7}"
EndProject
Project("{8BC9CEB8-8B4A-11D0-8D11-00A0C91BC942}") = "VectorLib", "Client\Client.vcxproj", "{81BE33D7-B496-43A9-A200-D6F064E14598}"
EndProject
Project("{8BC9CEB8-8B4A-11D0-8D11-00A0C91BC942}") = "ClientEXE", "ClientEXE\ClientEXE.vcxproj", "{667C3D4D-63A0-483F-B373-9F825CED5895}"
EndProject
Global
	GlobalSection(SolutionConfigurationPlatforms) = preSolution
		Debug|x64 = Debug|x64
		Debug|x86 = Debug|x86
		Release|x64 = Release|x64
		Release|x86 = Release|x86
	EndGlobalSection
	GlobalSection(ProjectConfigurationPlatforms) = postSolution
		{F3F9FD99-CC88-405C-87CA-F2759DD5E5F7}.Debug|x64.ActiveCfg = Debug|x64
		{F3F9FD99-CC88-405C-87CA-F2759DD5E5F7}.Debug|x64.Build.0 = Debug|x64
		{F3F9FD99-CC88-405C-87CA-F2759DD5E5F7}.Debug|x86.ActiveCfg = Debug|Win32
		{F3F9FD99-CC88-405C-87CA-F2759DD5E5F7}.Debug|x86.Build.0 = Debug|Win32
		{F3F9FD99-CC88-405C-87CA-F2759DD5E5F7}.Release|x64.ActiveCfg = Release|x64
		{F3F9FD99-CC88-405C-87CA-F2759DD5E5F7}.Release|x64.Build.0 = Release|x64
		{F3F9FD99-CC88-405C-87CA-F2759DD5E5F7}.Release|x86.ActiveCfg = Release|Win32
		{F3F9FD99-CC88-405C-87CA-F2759DD5E5F7}.Release|x86.Build.0 = Release|Win32
		{81BE33D7-B496-43A9-A200-D6F064E14598}.Debug|x64.ActiveCfg = Debug|x64
		{81BE33D7-B496-43A9-A200-D6F064E14598}.Debug|x64.Build.0 = Debug|x64
		{81BE33D7-B496-43A9-A200-D6F064E14598}.Debug|x86.ActiveCfg = Debug|Win32
		{81BE33D7-B496-43A9-A200-D6F064E14598}.Debug|x86.Build.0 = Debug|Win32
		{81BE33D7-B496-43A9-A200-D6F064E14598}.Release|x64.ActiveCfg = Release|x64
		{81BE33D7-B496-43A9-A200-D6F064E14598}.Release|x64.Build.0 = Release|x64
		{81BE33D7-B496-43A9-A200-D6F064E14598}.Release|x86.ActiveCfg = Release|Win32
		{81BE33D7-B496-43A9-A200-D6F064E14598}.Release|x86.Build.0 = Release|Win32
		{667C3D4D-63A0-483F-B373-9F825CED5895}.Debug|x64.ActiveCfg = Debug|x64
		{667C3D4D-63A0-483F-B373-9F825CED5895}.Debug|x64.Build.0 = Debug|x64
		{667C3D4D-63A0-483F-B373-9F825CED5895}.Debug|x86.ActiveCfg = Debug|Win32
		{667C3D4D-63A0-483F-B373-9F825CED5895}.Debug|x86.Build.0 = Debug|Win32
		{667C3D4D-63A0-483F-B373-9F825CED5895}.Release|x64.ActiveCfg = Release|x64
		{667C3D4D-63A0-483F-B373-9F825CED5895}.Release|x64.Build.0 = Release|x64
		{667C3D4D-63A0-483F-B373-9F825CED5895}.Release|x86.ActiveCfg = Release|Win32
		{667C3D4D-63A0-483F-B373-9F825CED5895}.Release|x86.Build.0 = Release|Win32
	EndGlobalSection
	GlobalSection(SolutionProperties) = preSolution
		HideSolutionNode = FALSE
	EndGlobalSection
	GlobalSection(ExtensibilityGlobals) = postSolution
		SolutionGuid = {1220B8CA-18B3-422B-842E-098F46DCD47F}
	EndGlobalSection
EndGlobal
